
Microsoft Visual Studio Solution File, Format Version 12.00
# Visual Studio Version 17
VisualStudioVersion = 17.0.31903.59
MinimumVisualStudioVersion = 10.0.40219.1
Project("{FAE04EC0-301F-11D3-BF4B-00C04F79EFBC}") = "ELearn", "ELearn\ELearn.csproj", "{C77A74F5-4084-4382-B5F7-3DE7F44A9E1F}"
EndProject
Project("{FAE04EC0-301F-11D3-BF4B-00C04F79EFBC}") = "ELearn.DataLayer", "ELearn.DataLayer\ELearn.DataLayer.csproj", "{FBCEE05A-9F1C-45A9-B97C-990879F5D4A1}"
EndProject
Project("{FAE04EC0-301F-11D3-BF4B-00C04F79EFBC}") = "ELearn.Core", "ELearn.Core\ELearn.Core.csproj", "{DBDA7BC0-8132-4078-8166-1D9D3D097E32}"
EndProject
Global
	GlobalSection(SolutionConfigurationPlatforms) = preSolution
		Debug|Any CPU = Debug|Any CPU
		Release|Any CPU = Release|Any CPU
	EndGlobalSection
	GlobalSection(ProjectConfigurationPlatforms) = postSolution
		{C77A74F5-4084-4382-B5F7-3DE7F44A9E1F}.Debug|Any CPU.ActiveCfg = Debug|Any CPU
		{C77A74F5-4084-4382-B5F7-3DE7F44A9E1F}.Debug|Any CPU.Build.0 = Debug|Any CPU
		{C77A74F5-4084-4382-B5F7-3DE7F44A9E1F}.Release|Any CPU.ActiveCfg = Release|Any CPU
		{C77A74F5-4084-4382-B5F7-3DE7F44A9E1F}.Release|Any CPU.Build.0 = Release|Any CPU
		{FBCEE05A-9F1C-45A9-B97C-990879F5D4A1}.Debug|Any CPU.ActiveCfg = Debug|Any CPU
		{FBCEE05A-9F1C-45A9-B97C-990879F5D4A1}.Debug|Any CPU.Build.0 = Debug|Any CPU
		{FBCEE05A-9F1C-45A9-B97C-990879F5D4A1}.Release|Any CPU.ActiveCfg = Release|Any CPU
		{FBCEE05A-9F1C-45A9-B97C-990879F5D4A1}.Release|Any CPU.Build.0 = Release|Any CPU
		{DBDA7BC0-8132-4078-8166-1D9D3D097E32}.Debug|Any CPU.ActiveCfg = Debug|Any CPU
		{DBDA7BC0-8132-4078-8166-1D9D3D097E32}.Debug|Any CPU.Build.0 = Debug|Any CPU
		{DBDA7BC0-8132-4078-8166-1D9D3D097E32}.Release|Any CPU.ActiveCfg = Release|Any CPU
		{DBDA7BC0-8132-4078-8166-1D9D3D097E32}.Release|Any CPU.Build.0 = Release|Any CPU
	EndGlobalSection
	GlobalSection(SolutionProperties) = preSolution
		HideSolutionNode = FALSE
	EndGlobalSection
	GlobalSection(ExtensibilityGlobals) = postSolution
		SolutionGuid = {0F6C91B2-403E-46AD-83BE-AD7D2DED849B}
	EndGlobalSection
EndGlobal
